
Microsoft Visual Studio Solution File, Format Version 11.00
# Visual Studio 2010
# SharpDevelop 4.4
Project("{FD48973F-F585-4F70-812B-4D0503B36CE9}") = "Prog435_3Form", "Prog435_3Form\Prog435_3Form.pyproj", "{F9FD3DBF-0C8D-4822-A739-57CB7503BC2E}"
EndProject
Global
	GlobalSection(SolutionConfigurationPlatforms) = preSolution
		Debug|Any CPU = Debug|Any CPU
		Release|Any CPU = Release|Any CPU
	EndGlobalSection
	GlobalSection(ProjectConfigurationPlatforms) = postSolution
		{F9FD3DBF-0C8D-4822-A739-57CB7503BC2E}.Debug|Any CPU.Build.0 = Debug|Any CPU
		{F9FD3DBF-0C8D-4822-A739-57CB7503BC2E}.Debug|Any CPU.ActiveCfg = Debug|Any CPU
		{F9FD3DBF-0C8D-4822-A739-57CB7503BC2E}.Release|Any CPU.Build.0 = Release|Any CPU
		{F9FD3DBF-0C8D-4822-A739-57CB7503BC2E}.Release|Any CPU.ActiveCfg = Release|Any CPU
	EndGlobalSection
EndGlobal
