
Microsoft Visual Studio Solution File, Format Version 12.00
# Visual Studio Version 17
VisualStudioVersion = 17.0.32014.148
MinimumVisualStudioVersion = 10.0.40219.1
Project("{9A19103F-16F7-4668-BE54-9A1E7A4F7556}") = "HelloWorld", "HelloWorld\HelloWorld.csproj", "{0522169E-1F24-4F93-9867-03D09BFD67C0}"
EndProject
Project("{9A19103F-16F7-4668-BE54-9A1E7A4F7556}") = "HelloName", "HelloName\HelloName.csproj", "{2CEC4D3B-BF7B-453E-B73C-50E1CAC6C188}"
EndProject
Project("{9A19103F-16F7-4668-BE54-9A1E7A4F7556}") = "Fullname", "Fullname\Fullname.csproj", "{85439D7B-E671-4DFE-8250-39FC0F450D1B}"
EndProject
Project("{9A19103F-16F7-4668-BE54-9A1E7A4F7556}") = "FavClubs", "FavClubs\FavClubs.csproj", "{1933E681-6439-46D6-9969-AF2F0C6C2960}"
EndProject
Project("{9A19103F-16F7-4668-BE54-9A1E7A4F7556}") = "Prog52a", "Prog52a\Prog52a.csproj", "{63ADD1A8-D286-4AE6-AECC-60EA43DCBDFB}"
EndProject
Project("{9A19103F-16F7-4668-BE54-9A1E7A4F7556}") = "Prog54b", "Prog54b\Prog54b.csproj", "{3EE4F547-75A3-4300-A16A-043533B4BDE0}"
EndProject
Project("{9A19103F-16F7-4668-BE54-9A1E7A4F7556}") = "Prog54d", "Prog54d\Prog54d.csproj", "{610E500F-4003-44F6-ADE7-54BDC7582E4E}"
EndProject
Project("{9A19103F-16F7-4668-BE54-9A1E7A4F7556}") = "Prog54c", "Prog54c\Prog54c.csproj", "{8585489C-9908-4C86-BBA3-7FBF87E85421}"
EndProject
Project("{9A19103F-16F7-4668-BE54-9A1E7A4F7556}") = "AboutMeProgForClassThatIDon'tKnowHowToDoAnymoreOrSomething", "AboutMeProgForClassThatIDon'tKnowHowToDoAnymoreOrSomething\AboutMeProgForClassThatIDon'tKnowHowToDoAnymoreOrSomething.csproj", "{449F8CD5-796B-4913-8760-C0E7FE4D18DB}"
EndProject
Project("{9A19103F-16F7-4668-BE54-9A1E7A4F7556}") = "Prog85c", "Prog85c\Prog85c.csproj", "{4B033AEC-A17A-4CD8-AF01-90CA6939A77C}"
EndProject
Project("{9A19103F-16F7-4668-BE54-9A1E7A4F7556}") = "LP4.5", "LP4.5\LP4.5.csproj", "{F93FF5F5-F97D-4C90-B732-0C6C3D5F9B78}"
EndProject
Project("{9A19103F-16F7-4668-BE54-9A1E7A4F7556}") = "LP4.1", "LP4.1\LP4.1.csproj", "{6792AE45-966C-4449-805C-66F96A754993}"
EndProject
Project("{9A19103F-16F7-4668-BE54-9A1E7A4F7556}") = "LP4.2", "LP4.2\LP4.2.csproj", "{0D1B252A-BA51-4363-8210-C1FEE6A2553E}"
EndProject
Project("{9A19103F-16F7-4668-BE54-9A1E7A4F7556}") = "Pg266LargeSmall", "Pg266LargeSmall\Pg266LargeSmall.csproj", "{2AC0D768-D77A-4384-B187-D1739CA57BAA}"
EndProject
Project("{9A19103F-16F7-4668-BE54-9A1E7A4F7556}") = "Prog122a", "Prog122a\Prog122a.csproj", "{0DD7D619-98A1-4666-B7D4-532F3DF74AE7}"
EndProject
Project("{9A19103F-16F7-4668-BE54-9A1E7A4F7556}") = "prog310a", "prog310a\prog310a.csproj", "{0F1139D0-1C7F-4CC7-87A2-A4736EADDF43}"
EndProject
Project("{9A19103F-16F7-4668-BE54-9A1E7A4F7556}") = "Prog273BookClub", "Prog273\Prog273BookClub.csproj", "{48A56AC5-955C-445C-989C-1B89D2918A24}"
EndProject
Project("{FAE04EC0-301F-11D3-BF4B-00C04F79EFBC}") = "prog122bREAL", "prog122bREAL\prog122bREAL.csproj", "{754DC918-A891-432D-9DEE-4B1B8E91917D}"
EndProject
Project("{FAE04EC0-301F-11D3-BF4B-00C04F79EFBC}") = "Prog347", "Prog347\Prog347.csproj", "{789EF4BC-C505-404F-BA87-61C7EB6906D8}"
EndProject
Global
	GlobalSection(SolutionConfigurationPlatforms) = preSolution
		Debug|Any CPU = Debug|Any CPU
		Release|Any CPU = Release|Any CPU
	EndGlobalSection
	GlobalSection(ProjectConfigurationPlatforms) = postSolution
		{0522169E-1F24-4F93-9867-03D09BFD67C0}.Debug|Any CPU.ActiveCfg = Debug|Any CPU
		{0522169E-1F24-4F93-9867-03D09BFD67C0}.Debug|Any CPU.Build.0 = Debug|Any CPU
		{0522169E-1F24-4F93-9867-03D09BFD67C0}.Release|Any CPU.ActiveCfg = Release|Any CPU
		{0522169E-1F24-4F93-9867-03D09BFD67C0}.Release|Any CPU.Build.0 = Release|Any CPU
		{2CEC4D3B-BF7B-453E-B73C-50E1CAC6C188}.Debug|Any CPU.ActiveCfg = Debug|Any CPU
		{2CEC4D3B-BF7B-453E-B73C-50E1CAC6C188}.Debug|Any CPU.Build.0 = Debug|Any CPU
		{2CEC4D3B-BF7B-453E-B73C-50E1CAC6C188}.Release|Any CPU.ActiveCfg = Release|Any CPU
		{2CEC4D3B-BF7B-453E-B73C-50E1CAC6C188}.Release|Any CPU.Build.0 = Release|Any CPU
		{85439D7B-E671-4DFE-8250-39FC0F450D1B}.Debug|Any CPU.ActiveCfg = Debug|Any CPU
		{85439D7B-E671-4DFE-8250-39FC0F450D1B}.Debug|Any CPU.Build.0 = Debug|Any CPU
		{85439D7B-E671-4DFE-8250-39FC0F450D1B}.Release|Any CPU.ActiveCfg = Release|Any CPU
		{85439D7B-E671-4DFE-8250-39FC0F450D1B}.Release|Any CPU.Build.0 = Release|Any CPU
		{1933E681-6439-46D6-9969-AF2F0C6C2960}.Debug|Any CPU.ActiveCfg = Debug|Any CPU
		{1933E681-6439-46D6-9969-AF2F0C6C2960}.Debug|Any CPU.Build.0 = Debug|Any CPU
		{1933E681-6439-46D6-9969-AF2F0C6C2960}.Release|Any CPU.ActiveCfg = Release|Any CPU
		{1933E681-6439-46D6-9969-AF2F0C6C2960}.Release|Any CPU.Build.0 = Release|Any CPU
		{63ADD1A8-D286-4AE6-AECC-60EA43DCBDFB}.Debug|Any CPU.ActiveCfg = Debug|Any CPU
		{63ADD1A8-D286-4AE6-AECC-60EA43DCBDFB}.Debug|Any CPU.Build.0 = Debug|Any CPU
		{63ADD1A8-D286-4AE6-AECC-60EA43DCBDFB}.Release|Any CPU.ActiveCfg = Release|Any CPU
		{63ADD1A8-D286-4AE6-AECC-60EA43DCBDFB}.Release|Any CPU.Build.0 = Release|Any CPU
		{3EE4F547-75A3-4300-A16A-043533B4BDE0}.Debug|Any CPU.ActiveCfg = Debug|Any CPU
		{3EE4F547-75A3-4300-A16A-043533B4BDE0}.Debug|Any CPU.Build.0 = Debug|Any CPU
		{3EE4F547-75A3-4300-A16A-043533B4BDE0}.Release|Any CPU.ActiveCfg = Release|Any CPU
		{3EE4F547-75A3-4300-A16A-043533B4BDE0}.Release|Any CPU.Build.0 = Release|Any CPU
		{610E500F-4003-44F6-ADE7-54BDC7582E4E}.Debug|Any CPU.ActiveCfg = Debug|Any CPU
		{610E500F-4003-44F6-ADE7-54BDC7582E4E}.Debug|Any CPU.Build.0 = Debug|Any CPU
		{610E500F-4003-44F6-ADE7-54BDC7582E4E}.Release|Any CPU.ActiveCfg = Release|Any CPU
		{610E500F-4003-44F6-ADE7-54BDC7582E4E}.Release|Any CPU.Build.0 = Release|Any CPU
		{8585489C-9908-4C86-BBA3-7FBF87E85421}.Debug|Any CPU.ActiveCfg = Debug|Any CPU
		{8585489C-9908-4C86-BBA3-7FBF87E85421}.Debug|Any CPU.Build.0 = Debug|Any CPU
		{8585489C-9908-4C86-BBA3-7FBF87E85421}.Release|Any CPU.ActiveCfg = Release|Any CPU
		{8585489C-9908-4C86-BBA3-7FBF87E85421}.Release|Any CPU.Build.0 = Release|Any CPU
		{449F8CD5-796B-4913-8760-C0E7FE4D18DB}.Debug|Any CPU.ActiveCfg = Debug|Any CPU
		{449F8CD5-796B-4913-8760-C0E7FE4D18DB}.Debug|Any CPU.Build.0 = Debug|Any CPU
		{449F8CD5-796B-4913-8760-C0E7FE4D18DB}.Release|Any CPU.ActiveCfg = Release|Any CPU
		{449F8CD5-796B-4913-8760-C0E7FE4D18DB}.Release|Any CPU.Build.0 = Release|Any CPU
		{4B033AEC-A17A-4CD8-AF01-90CA6939A77C}.Debug|Any CPU.ActiveCfg = Debug|Any CPU
		{4B033AEC-A17A-4CD8-AF01-90CA6939A77C}.Debug|Any CPU.Build.0 = Debug|Any CPU
		{4B033AEC-A17A-4CD8-AF01-90CA6939A77C}.Release|Any CPU.ActiveCfg = Release|Any CPU
		{4B033AEC-A17A-4CD8-AF01-90CA6939A77C}.Release|Any CPU.Build.0 = Release|Any CPU
		{F93FF5F5-F97D-4C90-B732-0C6C3D5F9B78}.Debug|Any CPU.ActiveCfg = Debug|Any CPU
		{F93FF5F5-F97D-4C90-B732-0C6C3D5F9B78}.Debug|Any CPU.Build.0 = Debug|Any CPU
		{F93FF5F5-F97D-4C90-B732-0C6C3D5F9B78}.Release|Any CPU.ActiveCfg = Release|Any CPU
		{F93FF5F5-F97D-4C90-B732-0C6C3D5F9B78}.Release|Any CPU.Build.0 = Release|Any CPU
		{6792AE45-966C-4449-805C-66F96A754993}.Debug|Any CPU.ActiveCfg = Debug|Any CPU
		{6792AE45-966C-4449-805C-66F96A754993}.Debug|Any CPU.Build.0 = Debug|Any CPU
		{6792AE45-966C-4449-805C-66F96A754993}.Release|Any CPU.ActiveCfg = Release|Any CPU
		{6792AE45-966C-4449-805C-66F96A754993}.Release|Any CPU.Build.0 = Release|Any CPU
		{0D1B252A-BA51-4363-8210-C1FEE6A2553E}.Debug|Any CPU.ActiveCfg = Debug|Any CPU
		{0D1B252A-BA51-4363-8210-C1FEE6A2553E}.Debug|Any CPU.Build.0 = Debug|Any CPU
		{0D1B252A-BA51-4363-8210-C1FEE6A2553E}.Release|Any CPU.ActiveCfg = Release|Any CPU
		{0D1B252A-BA51-4363-8210-C1FEE6A2553E}.Release|Any CPU.Build.0 = Release|Any CPU
		{2AC0D768-D77A-4384-B187-D1739CA57BAA}.Debug|Any CPU.ActiveCfg = Debug|Any CPU
		{2AC0D768-D77A-4384-B187-D1739CA57BAA}.Debug|Any CPU.Build.0 = Debug|Any CPU
		{2AC0D768-D77A-4384-B187-D1739CA57BAA}.Release|Any CPU.ActiveCfg = Release|Any CPU
		{2AC0D768-D77A-4384-B187-D1739CA57BAA}.Release|Any CPU.Build.0 = Release|Any CPU
		{0DD7D619-98A1-4666-B7D4-532F3DF74AE7}.Debug|Any CPU.ActiveCfg = Debug|Any CPU
		{0DD7D619-98A1-4666-B7D4-532F3DF74AE7}.Debug|Any CPU.Build.0 = Debug|Any CPU
		{0DD7D619-98A1-4666-B7D4-532F3DF74AE7}.Release|Any CPU.ActiveCfg = Release|Any CPU
		{0DD7D619-98A1-4666-B7D4-532F3DF74AE7}.Release|Any CPU.Build.0 = Release|Any CPU
		{0F1139D0-1C7F-4CC7-87A2-A4736EADDF43}.Debug|Any CPU.ActiveCfg = Debug|Any CPU
		{0F1139D0-1C7F-4CC7-87A2-A4736EADDF43}.Debug|Any CPU.Build.0 = Debug|Any CPU
		{0F1139D0-1C7F-4CC7-87A2-A4736EADDF43}.Release|Any CPU.ActiveCfg = Release|Any CPU
		{0F1139D0-1C7F-4CC7-87A2-A4736EADDF43}.Release|Any CPU.Build.0 = Release|Any CPU
		{48A56AC5-955C-445C-989C-1B89D2918A24}.Debug|Any CPU.ActiveCfg = Debug|Any CPU
		{48A56AC5-955C-445C-989C-1B89D2918A24}.Debug|Any CPU.Build.0 = Debug|Any CPU
		{48A56AC5-955C-445C-989C-1B89D2918A24}.Release|Any CPU.ActiveCfg = Release|Any CPU
		{48A56AC5-955C-445C-989C-1B89D2918A24}.Release|Any CPU.Build.0 = Release|Any CPU
		{754DC918-A891-432D-9DEE-4B1B8E91917D}.Debug|Any CPU.ActiveCfg = Debug|Any CPU
		{754DC918-A891-432D-9DEE-4B1B8E91917D}.Debug|Any CPU.Build.0 = Debug|Any CPU
		{754DC918-A891-432D-9DEE-4B1B8E91917D}.Release|Any CPU.ActiveCfg = Release|Any CPU
		{754DC918-A891-432D-9DEE-4B1B8E91917D}.Release|Any CPU.Build.0 = Release|Any CPU
		{789EF4BC-C505-404F-BA87-61C7EB6906D8}.Debug|Any CPU.ActiveCfg = Debug|Any CPU
		{789EF4BC-C505-404F-BA87-61C7EB6906D8}.Debug|Any CPU.Build.0 = Debug|Any CPU
		{789EF4BC-C505-404F-BA87-61C7EB6906D8}.Release|Any CPU.ActiveCfg = Release|Any CPU
		{789EF4BC-C505-404F-BA87-61C7EB6906D8}.Release|Any CPU.Build.0 = Release|Any CPU
	EndGlobalSection
	GlobalSection(SolutionProperties) = preSolution
		HideSolutionNode = FALSE
	EndGlobalSection
	GlobalSection(ExtensibilityGlobals) = postSolution
		SolutionGuid = {5F91A9CA-7151-4C91-B0D9-0EC47B8E7A73}
	EndGlobalSection
EndGlobal
