
Microsoft Visual Studio Solution File, Format Version 11.00
# Visual Studio 2010
# SharpDevelop 4.4
Project("{FD48973F-F585-4F70-812B-4D0503B36CE9}") = "HelloWorld2", "HelloWorld2\HelloWorld2.pyproj", "{3067E545-3131-406E-87B5-E5C56927D6DB}"
EndProject
Global
	GlobalSection(SolutionConfigurationPlatforms) = preSolution
		Debug|Any CPU = Debug|Any CPU
		Release|Any CPU = Release|Any CPU
	EndGlobalSection
	GlobalSection(ProjectConfigurationPlatforms) = postSolution
		{3067E545-3131-406E-87B5-E5C56927D6DB}.Debug|Any CPU.Build.0 = Debug|Any CPU
		{3067E545-3131-406E-87B5-E5C56927D6DB}.Debug|Any CPU.ActiveCfg = Debug|Any CPU
		{3067E545-3131-406E-87B5-E5C56927D6DB}.Release|Any CPU.Build.0 = Release|Any CPU
		{3067E545-3131-406E-87B5-E5C56927D6DB}.Release|Any CPU.ActiveCfg = Release|Any CPU
	EndGlobalSection
EndGlobal
