
Microsoft Visual Studio Solution File, Format Version 11.00
# Visual Studio 2010
# SharpDevelop 4.4
Project("{FD48973F-F585-4F70-812B-4D0503B36CE9}") = "FavGameOrMovie2", "FavGameOrMovie2\FavGameOrMovie2.pyproj", "{FAB469A4-61BD-4AAD-B396-17B0B82C98A6}"
EndProject
Global
	GlobalSection(SolutionConfigurationPlatforms) = preSolution
		Debug|Any CPU = Debug|Any CPU
		Release|Any CPU = Release|Any CPU
	EndGlobalSection
	GlobalSection(ProjectConfigurationPlatforms) = postSolution
		{FAB469A4-61BD-4AAD-B396-17B0B82C98A6}.Debug|Any CPU.Build.0 = Debug|Any CPU
		{FAB469A4-61BD-4AAD-B396-17B0B82C98A6}.Debug|Any CPU.ActiveCfg = Debug|Any CPU
		{FAB469A4-61BD-4AAD-B396-17B0B82C98A6}.Release|Any CPU.Build.0 = Release|Any CPU
		{FAB469A4-61BD-4AAD-B396-17B0B82C98A6}.Release|Any CPU.ActiveCfg = Release|Any CPU
	EndGlobalSection
EndGlobal
