
Microsoft Visual Studio Solution File, Format Version 11.00
# Visual Studio 2010
# SharpDevelop 4.4
Project("{FD48973F-F585-4F70-812B-4D0503B36CE9}") = "Prog122", "Prog122\Prog122.pyproj", "{1AEC36AE-4305-4C0A-A0B1-6F46861681B1}"
EndProject
Global
	GlobalSection(SolutionConfigurationPlatforms) = preSolution
		Debug|Any CPU = Debug|Any CPU
		Release|Any CPU = Release|Any CPU
	EndGlobalSection
	GlobalSection(ProjectConfigurationPlatforms) = postSolution
		{1AEC36AE-4305-4C0A-A0B1-6F46861681B1}.Debug|Any CPU.Build.0 = Debug|Any CPU
		{1AEC36AE-4305-4C0A-A0B1-6F46861681B1}.Debug|Any CPU.ActiveCfg = Debug|Any CPU
		{1AEC36AE-4305-4C0A-A0B1-6F46861681B1}.Release|Any CPU.Build.0 = Release|Any CPU
		{1AEC36AE-4305-4C0A-A0B1-6F46861681B1}.Release|Any CPU.ActiveCfg = Release|Any CPU
	EndGlobalSection
EndGlobal
